
Microsoft Visual Studio Solution File, Format Version 12.00
# Visual Studio Version 16
VisualStudioVersion = 16.0.29926.136
MinimumVisualStudioVersion = 10.0.40219.1
Project("{FAE04EC0-301F-11D3-BF4B-00C04F79EFBC}") = "WebApiPoduct_seguro", "WebApiPoduct_seguro\WebApiPoduct_seguro.csproj", "{6769B5D4-A86F-4DEF-ACB9-1F00D40B8C8E}"
EndProject
Project("{FAE04EC0-301F-11D3-BF4B-00C04F79EFBC}") = "WebApiPoduct_seguro.Tests", "WebApiPoduct_seguro.Tests\WebApiPoduct_seguro.Tests.csproj", "{6C521C65-B98C-4AD2-B106-2D5E5BBA254E}"
EndProject
Global
	GlobalSection(SolutionConfigurationPlatforms) = preSolution
		Debug|Any CPU = Debug|Any CPU
		Release|Any CPU = Release|Any CPU
	EndGlobalSection
	GlobalSection(ProjectConfigurationPlatforms) = postSolution
		{6769B5D4-A86F-4DEF-ACB9-1F00D40B8C8E}.Debug|Any CPU.ActiveCfg = Debug|Any CPU
		{6769B5D4-A86F-4DEF-ACB9-1F00D40B8C8E}.Debug|Any CPU.Build.0 = Debug|Any CPU
		{6769B5D4-A86F-4DEF-ACB9-1F00D40B8C8E}.Release|Any CPU.ActiveCfg = Release|Any CPU
		{6769B5D4-A86F-4DEF-ACB9-1F00D40B8C8E}.Release|Any CPU.Build.0 = Release|Any CPU
		{6C521C65-B98C-4AD2-B106-2D5E5BBA254E}.Debug|Any CPU.ActiveCfg = Debug|Any CPU
		{6C521C65-B98C-4AD2-B106-2D5E5BBA254E}.Debug|Any CPU.Build.0 = Debug|Any CPU
		{6C521C65-B98C-4AD2-B106-2D5E5BBA254E}.Release|Any CPU.ActiveCfg = Release|Any CPU
		{6C521C65-B98C-4AD2-B106-2D5E5BBA254E}.Release|Any CPU.Build.0 = Release|Any CPU
	EndGlobalSection
	GlobalSection(SolutionProperties) = preSolution
		HideSolutionNode = FALSE
	EndGlobalSection
	GlobalSection(ExtensibilityGlobals) = postSolution
		SolutionGuid = {632585A9-6490-46DC-833E-E16F329A97A7}
	EndGlobalSection
EndGlobal
